
Microsoft Visual Studio Solution File, Format Version 12.00
# Visual Studio Version 16
VisualStudioVersion = 16.0.28922.388
MinimumVisualStudioVersion = 10.0.40219.1
Project("{8BC9CEB8-8B4A-11D0-8D11-00A0C91BC942}") = "Hanoi_Kuleleri", "Hanoi_Kuleleri\Hanoi_Kuleleri.vcxproj", "{76785A1E-5464-46BA-BAB0-D1A17A6C8679}"
EndProject
Global
	GlobalSection(SolutionConfigurationPlatforms) = preSolution
		Debug|x64 = Debug|x64
		Debug|x86 = Debug|x86
		Release|x64 = Release|x64
		Release|x86 = Release|x86
	EndGlobalSection
	GlobalSection(ProjectConfigurationPlatforms) = postSolution
		{76785A1E-5464-46BA-BAB0-D1A17A6C8679}.Debug|x64.ActiveCfg = Debug|x64
		{76785A1E-5464-46BA-BAB0-D1A17A6C8679}.Debug|x64.Build.0 = Debug|x64
		{76785A1E-5464-46BA-BAB0-D1A17A6C8679}.Debug|x86.ActiveCfg = Debug|Win32
		{76785A1E-5464-46BA-BAB0-D1A17A6C8679}.Debug|x86.Build.0 = Debug|Win32
		{76785A1E-5464-46BA-BAB0-D1A17A6C8679}.Release|x64.ActiveCfg = Release|x64
		{76785A1E-5464-46BA-BAB0-D1A17A6C8679}.Release|x64.Build.0 = Release|x64
		{76785A1E-5464-46BA-BAB0-D1A17A6C8679}.Release|x86.ActiveCfg = Release|Win32
		{76785A1E-5464-46BA-BAB0-D1A17A6C8679}.Release|x86.Build.0 = Release|Win32
	EndGlobalSection
	GlobalSection(SolutionProperties) = preSolution
		HideSolutionNode = FALSE
	EndGlobalSection
	GlobalSection(ExtensibilityGlobals) = postSolution
		SolutionGuid = {50BD105B-D5D8-4486-884D-4B34204C32E5}
	EndGlobalSection
EndGlobal
