
Microsoft Visual Studio Solution File, Format Version 12.00
# Visual Studio Version 16
VisualStudioVersion = 16.0.28922.388
MinimumVisualStudioVersion = 10.0.40219.1
Project("{8BC9CEB8-8B4A-11D0-8D11-00A0C91BC942}") = "Stack_in_C", "Stack_in_C\Stack_in_C.vcxproj", "{66EC8272-F479-4658-8B95-66DED12BC532}"
EndProject
Global
	GlobalSection(SolutionConfigurationPlatforms) = preSolution
		Debug|x64 = Debug|x64
		Debug|x86 = Debug|x86
		Release|x64 = Release|x64
		Release|x86 = Release|x86
	EndGlobalSection
	GlobalSection(ProjectConfigurationPlatforms) = postSolution
		{66EC8272-F479-4658-8B95-66DED12BC532}.Debug|x64.ActiveCfg = Debug|x64
		{66EC8272-F479-4658-8B95-66DED12BC532}.Debug|x64.Build.0 = Debug|x64
		{66EC8272-F479-4658-8B95-66DED12BC532}.Debug|x86.ActiveCfg = Debug|Win32
		{66EC8272-F479-4658-8B95-66DED12BC532}.Debug|x86.Build.0 = Debug|Win32
		{66EC8272-F479-4658-8B95-66DED12BC532}.Release|x64.ActiveCfg = Release|x64
		{66EC8272-F479-4658-8B95-66DED12BC532}.Release|x64.Build.0 = Release|x64
		{66EC8272-F479-4658-8B95-66DED12BC532}.Release|x86.ActiveCfg = Release|Win32
		{66EC8272-F479-4658-8B95-66DED12BC532}.Release|x86.Build.0 = Release|Win32
	EndGlobalSection
	GlobalSection(SolutionProperties) = preSolution
		HideSolutionNode = FALSE
	EndGlobalSection
	GlobalSection(ExtensibilityGlobals) = postSolution
		SolutionGuid = {4F663E08-FD8A-402C-AC53-C7353DE487B2}
	EndGlobalSection
EndGlobal
